
Microsoft Visual Studio Solution File, Format Version 12.00
# Visual Studio Version 17
VisualStudioVersion = 17.1.32328.378
MinimumVisualStudioVersion = 10.0.40219.1
Project("{FAE04EC0-301F-11D3-BF4B-00C04F79EFBC}") = "POE", "POE\POE.csproj", "{E0851F35-C74D-4ACA-B208-4C4C22647AB5}"
EndProject
Global
	GlobalSection(SolutionConfigurationPlatforms) = preSolution
		Debug|Any CPU = Debug|Any CPU
		Release|Any CPU = Release|Any CPU
	EndGlobalSection
	GlobalSection(ProjectConfigurationPlatforms) = postSolution
		{E0851F35-C74D-4ACA-B208-4C4C22647AB5}.Debug|Any CPU.ActiveCfg = Debug|Any CPU
		{E0851F35-C74D-4ACA-B208-4C4C22647AB5}.Debug|Any CPU.Build.0 = Debug|Any CPU
		{E0851F35-C74D-4ACA-B208-4C4C22647AB5}.Release|Any CPU.ActiveCfg = Release|Any CPU
		{E0851F35-C74D-4ACA-B208-4C4C22647AB5}.Release|Any CPU.Build.0 = Release|Any CPU
	EndGlobalSection
	GlobalSection(SolutionProperties) = preSolution
		HideSolutionNode = FALSE
	EndGlobalSection
	GlobalSection(ExtensibilityGlobals) = postSolution
		SolutionGuid = {B9C8D2DF-BB4F-4EE4-BF16-8A637058C755}
	EndGlobalSection
EndGlobal
